
Microsoft Visual Studio Solution File, Format Version 12.00
# Visual Studio Version 17
VisualStudioVersion = 17.8.34316.72
MinimumVisualStudioVersion = 10.0.40219.1
Project("{2150E333-8FDC-42A3-9474-1A3956D46DE8}") = "core", "core", "{E504B075-0B3C-42C1-8235-82B10D8E08EC}"
EndProject
Project("{2150E333-8FDC-42A3-9474-1A3956D46DE8}") = "adapters", "adapters", "{92061C35-D1FD-4070-9486-F7A535F78E6A}"
EndProject
Project("{2150E333-8FDC-42A3-9474-1A3956D46DE8}") = "ports", "ports", "{6401FB41-C832-441E-BFAF-C63682E25FB6}"
EndProject
Project("{2150E333-8FDC-42A3-9474-1A3956D46DE8}") = "tests", "tests", "{4D34CF99-EE84-46E4-B5ED-AA913EA6F750}"
EndProject
Project("{9A19103F-16F7-4668-BE54-9A1E7A4F7556}") = "ArquiteturaHexagonalEntityFramework.Core.Repository", "src\core\ArquiteturaHexagonalEntityFramework.Adapters.Repository\ArquiteturaHexagonalEntityFramework.Core.Repository.csproj", "{AAE8FE8A-431C-4095-ABA1-D1A868A50D86}"
EndProject
Project("{9A19103F-16F7-4668-BE54-9A1E7A4F7556}") = "ArquiteturaHexagonalEntityFramework.Core.Application", "src\core\ArquiteturaHexagonalEntityFramework.Core.Application\ArquiteturaHexagonalEntityFramework.Core.Application.csproj", "{00BF8B06-CE2C-4CDA-B17A-CF41946D490B}"
EndProject
Project("{9A19103F-16F7-4668-BE54-9A1E7A4F7556}") = "ArquiteturaHexagonalEntityFramework.Core.Domain", "src\core\ArquiteturaHexagonalEntityFramework.Core.Domain\ArquiteturaHexagonalEntityFramework.Core.Domain.csproj", "{E2DBD3F8-22E6-4407-B820-357C4B3EAFBC}"
EndProject
Project("{9A19103F-16F7-4668-BE54-9A1E7A4F7556}") = "ArquiteturaHexagonalEntityFramework.Core.Infra", "src\core\ArquiteturaHexagonalEntityFramework.Core.Infra\ArquiteturaHexagonalEntityFramework.Core.Infra.csproj", "{0C4ED5CD-1C57-4F38-8E3A-8433156C53C4}"
EndProject
Project("{9A19103F-16F7-4668-BE54-9A1E7A4F7556}") = "ArquiteturaHexagonalEntityFramework.Ports.API", "src\ports\ArquiteturaHexagonalEntityFramework.Ports.API\ArquiteturaHexagonalEntityFramework.Ports.API.csproj", "{573E630A-8AB2-410D-949D-AFBD052C7116}"
EndProject
Project("{9A19103F-16F7-4668-BE54-9A1E7A4F7556}") = "ArquiteturaHexagonalEntityFramework.Ports.Worker", "src\ports\ArquiteturaHexagonalEntityFramework.Ports.Worker\ArquiteturaHexagonalEntityFramework.Ports.Worker.csproj", "{5C1B2647-4DDB-4541-9246-9D516819973A}"
EndProject
Project("{9A19103F-16F7-4668-BE54-9A1E7A4F7556}") = "ArquiteturaHexagonalEntityFramework.Test", "test\ArquiteturaHexagonalEntityFramework.Test\ArquiteturaHexagonalEntityFramework.Test.csproj", "{A8B6B720-F3DB-40F0-BB49-0BDF0326694A}"
EndProject
Global
	GlobalSection(SolutionConfigurationPlatforms) = preSolution
		Debug|Any CPU = Debug|Any CPU
		Release|Any CPU = Release|Any CPU
	EndGlobalSection
	GlobalSection(ProjectConfigurationPlatforms) = postSolution
		{AAE8FE8A-431C-4095-ABA1-D1A868A50D86}.Debug|Any CPU.ActiveCfg = Debug|Any CPU
		{AAE8FE8A-431C-4095-ABA1-D1A868A50D86}.Debug|Any CPU.Build.0 = Debug|Any CPU
		{AAE8FE8A-431C-4095-ABA1-D1A868A50D86}.Release|Any CPU.ActiveCfg = Release|Any CPU
		{AAE8FE8A-431C-4095-ABA1-D1A868A50D86}.Release|Any CPU.Build.0 = Release|Any CPU
		{00BF8B06-CE2C-4CDA-B17A-CF41946D490B}.Debug|Any CPU.ActiveCfg = Debug|Any CPU
		{00BF8B06-CE2C-4CDA-B17A-CF41946D490B}.Debug|Any CPU.Build.0 = Debug|Any CPU
		{00BF8B06-CE2C-4CDA-B17A-CF41946D490B}.Release|Any CPU.ActiveCfg = Release|Any CPU
		{00BF8B06-CE2C-4CDA-B17A-CF41946D490B}.Release|Any CPU.Build.0 = Release|Any CPU
		{E2DBD3F8-22E6-4407-B820-357C4B3EAFBC}.Debug|Any CPU.ActiveCfg = Debug|Any CPU
		{E2DBD3F8-22E6-4407-B820-357C4B3EAFBC}.Debug|Any CPU.Build.0 = Debug|Any CPU
		{E2DBD3F8-22E6-4407-B820-357C4B3EAFBC}.Release|Any CPU.ActiveCfg = Release|Any CPU
		{E2DBD3F8-22E6-4407-B820-357C4B3EAFBC}.Release|Any CPU.Build.0 = Release|Any CPU
		{0C4ED5CD-1C57-4F38-8E3A-8433156C53C4}.Debug|Any CPU.ActiveCfg = Debug|Any CPU
		{0C4ED5CD-1C57-4F38-8E3A-8433156C53C4}.Debug|Any CPU.Build.0 = Debug|Any CPU
		{0C4ED5CD-1C57-4F38-8E3A-8433156C53C4}.Release|Any CPU.ActiveCfg = Release|Any CPU
		{0C4ED5CD-1C57-4F38-8E3A-8433156C53C4}.Release|Any CPU.Build.0 = Release|Any CPU
		{573E630A-8AB2-410D-949D-AFBD052C7116}.Debug|Any CPU.ActiveCfg = Debug|Any CPU
		{573E630A-8AB2-410D-949D-AFBD052C7116}.Debug|Any CPU.Build.0 = Debug|Any CPU
		{573E630A-8AB2-410D-949D-AFBD052C7116}.Release|Any CPU.ActiveCfg = Release|Any CPU
		{573E630A-8AB2-410D-949D-AFBD052C7116}.Release|Any CPU.Build.0 = Release|Any CPU
		{5C1B2647-4DDB-4541-9246-9D516819973A}.Debug|Any CPU.ActiveCfg = Debug|Any CPU
		{5C1B2647-4DDB-4541-9246-9D516819973A}.Debug|Any CPU.Build.0 = Debug|Any CPU
		{5C1B2647-4DDB-4541-9246-9D516819973A}.Release|Any CPU.ActiveCfg = Release|Any CPU
		{5C1B2647-4DDB-4541-9246-9D516819973A}.Release|Any CPU.Build.0 = Release|Any CPU
		{A8B6B720-F3DB-40F0-BB49-0BDF0326694A}.Debug|Any CPU.ActiveCfg = Debug|Any CPU
		{A8B6B720-F3DB-40F0-BB49-0BDF0326694A}.Debug|Any CPU.Build.0 = Debug|Any CPU
		{A8B6B720-F3DB-40F0-BB49-0BDF0326694A}.Release|Any CPU.ActiveCfg = Release|Any CPU
		{A8B6B720-F3DB-40F0-BB49-0BDF0326694A}.Release|Any CPU.Build.0 = Release|Any CPU
	EndGlobalSection
	GlobalSection(SolutionProperties) = preSolution
		HideSolutionNode = FALSE
	EndGlobalSection
	GlobalSection(NestedProjects) = preSolution
		{AAE8FE8A-431C-4095-ABA1-D1A868A50D86} = {E504B075-0B3C-42C1-8235-82B10D8E08EC}
		{00BF8B06-CE2C-4CDA-B17A-CF41946D490B} = {E504B075-0B3C-42C1-8235-82B10D8E08EC}
		{E2DBD3F8-22E6-4407-B820-357C4B3EAFBC} = {E504B075-0B3C-42C1-8235-82B10D8E08EC}
		{0C4ED5CD-1C57-4F38-8E3A-8433156C53C4} = {E504B075-0B3C-42C1-8235-82B10D8E08EC}
		{573E630A-8AB2-410D-949D-AFBD052C7116} = {6401FB41-C832-441E-BFAF-C63682E25FB6}
		{5C1B2647-4DDB-4541-9246-9D516819973A} = {6401FB41-C832-441E-BFAF-C63682E25FB6}
		{A8B6B720-F3DB-40F0-BB49-0BDF0326694A} = {4D34CF99-EE84-46E4-B5ED-AA913EA6F750}
	EndGlobalSection
	GlobalSection(ExtensibilityGlobals) = postSolution
		SolutionGuid = {C64E8EA2-81FB-441D-BEEB-C7EEF5DD0889}
	EndGlobalSection
EndGlobal
